
Microsoft Visual Studio Solution File, Format Version 11.00
# Visual Studio 2010
Project("{FAE04EC0-301F-11D3-BF4B-00C04F79EFBC}") = "Assembly-CSharp", "Assembly-CSharp.csproj", "{D2834686-F226-753E-95C2-9462178F6AF3}"
EndProject
Project("{FAE04EC0-301F-11D3-BF4B-00C04F79EFBC}") = "Assembly-CSharp-Editor", "Assembly-CSharp-Editor.csproj", "{3DC41D44-2EDC-E097-2930-8AD19C9B722E}"
EndProject
Global
	GlobalSection(SolutionConfigurationPlatforms) = preSolution
		Debug|Any CPU = Debug|Any CPU
		Release|Any CPU = Release|Any CPU
	EndGlobalSection
	GlobalSection(ProjectConfigurationPlatforms) = postSolution
		{D2834686-F226-753E-95C2-9462178F6AF3}.Debug|Any CPU.ActiveCfg = Debug|Any CPU
		{D2834686-F226-753E-95C2-9462178F6AF3}.Debug|Any CPU.Build.0 = Debug|Any CPU
		{D2834686-F226-753E-95C2-9462178F6AF3}.Release|Any CPU.ActiveCfg = Release|Any CPU
		{D2834686-F226-753E-95C2-9462178F6AF3}.Release|Any CPU.Build.0 = Release|Any CPU
		{3DC41D44-2EDC-E097-2930-8AD19C9B722E}.Debug|Any CPU.ActiveCfg = Debug|Any CPU
		{3DC41D44-2EDC-E097-2930-8AD19C9B722E}.Debug|Any CPU.Build.0 = Debug|Any CPU
		{3DC41D44-2EDC-E097-2930-8AD19C9B722E}.Release|Any CPU.ActiveCfg = Release|Any CPU
		{3DC41D44-2EDC-E097-2930-8AD19C9B722E}.Release|Any CPU.Build.0 = Release|Any CPU
	EndGlobalSection
	GlobalSection(SolutionProperties) = preSolution
		HideSolutionNode = FALSE
	EndGlobalSection
EndGlobal
